<?xml version="1.0" encoding="utf-8"?>
<Project ToolsVersion="4.0" xmlns="http://schemas.microsoft.com/developer/msbuild/2003">
  <ItemGroup>
    <Filter Include="include">
      <UniqueIdentifier>{6985464d-cb47-4e27-86da-4d623aacf9ab}</UniqueIdentifier>
    </Filter>
    <Filter Include="source">
      <UniqueIdentifier>{861405ba-8872-4bb3-ae2c-7ee90e7ffe70}</UniqueIdentifier>
    </Filter>
    <Filter Include="pch">
      <UniqueIdentifier>{19dea4f4-7e40-4415-9498-61e867614d92}</UniqueIdentifier>
    </Filter>
  </ItemGroup>
  <ItemGroup>
    <ClInclude Include="..\include\FPSViewer.h">
      <Filter>include</Filter>
    </ClInclude>
    <ClInclude Include="..\pch\stdafx.h">
      <Filter>pch</Filter>
    </ClInclude>
    <ClInclude Include="..\include\Config.h">
      <Filter>include</Filter>
    </ClInclude>
  </ItemGroup>
  <ItemGroup>
    <ClCompile Include="..\src\FPSViewer.cpp">
      <Filter>source</Filter>
    </ClCompile>
    <ClCompile Include="..\src\main.cpp">
      <Filter>source</Filter>
    </ClCompile>
    <ClCompile Include="..\pch\stdafx.cpp">
      <Filter>pch</Filter>
    </ClCompile>
  </ItemGroup>
</Project>